
Microsoft Visual Studio Solution File, Format Version 12.00
# Visual Studio Version 17
VisualStudioVersion = 17.7.34221.43
MinimumVisualStudioVersion = 10.0.40219.1
Project("{FAE04EC0-301F-11D3-BF4B-00C04F79EFBC}") = "ListsBenchmark", "ListsBenchmark\ListsBenchmark.csproj", "{AE8B1D74-B0BA-4680-BCE9-1914E20E7875}"
EndProject
Global
	GlobalSection(SolutionConfigurationPlatforms) = preSolution
		Debug|Any CPU = Debug|Any CPU
		Release|Any CPU = Release|Any CPU
	EndGlobalSection
	GlobalSection(ProjectConfigurationPlatforms) = postSolution
		{AE8B1D74-B0BA-4680-BCE9-1914E20E7875}.Debug|Any CPU.ActiveCfg = Debug|Any CPU
		{AE8B1D74-B0BA-4680-BCE9-1914E20E7875}.Debug|Any CPU.Build.0 = Debug|Any CPU
		{AE8B1D74-B0BA-4680-BCE9-1914E20E7875}.Release|Any CPU.ActiveCfg = Release|Any CPU
		{AE8B1D74-B0BA-4680-BCE9-1914E20E7875}.Release|Any CPU.Build.0 = Release|Any CPU
	EndGlobalSection
	GlobalSection(SolutionProperties) = preSolution
		HideSolutionNode = FALSE
	EndGlobalSection
	GlobalSection(ExtensibilityGlobals) = postSolution
		SolutionGuid = {46E323EE-71E5-4413-9371-F38038C6D2C0}
	EndGlobalSection
EndGlobal
